{
  "name": "simple-app",
  "version": "1.0.0",
  "lockfileVersion": 2,
  "requires": true,
  "packages": {
    "": {
      "name": "simple-app",
      "version": "1.0.0",
      "devDependencies": {
        "cypress": "^12.0.0"
      }
    },
    "node_modules/cypress": {
      "version": "12.0.0",
      "resolved": "https://registry.npmjs.org/cypress/-/cypress-12.0.0.tgz",
      "integrity": "sha512-...",
      "dev": true,
      "engines": {
        "node": ">=14.0.0"
      }
    }
  },
  "engines": {
    "node": ">=14.0.0"
  }
}
